
Microsoft Visual Studio Solution File, Format Version 12.00
# Visual Studio Version 17
VisualStudioVersion = 17.8.34316.72
MinimumVisualStudioVersion = 10.0.40219.1
Project("{FAE04EC0-301F-11D3-BF4B-00C04F79EFBC}") = "TestMauiApp1", "TestMauiApp1\TestMauiApp1.csproj", "{AECF0D8E-75D3-4517-8CD2-E6025B286283}"
EndProject
Global
	GlobalSection(SolutionConfigurationPlatforms) = preSolution
		Debug|Any CPU = Debug|Any CPU
		Release|Any CPU = Release|Any CPU
	EndGlobalSection
	GlobalSection(ProjectConfigurationPlatforms) = postSolution
		{AECF0D8E-75D3-4517-8CD2-E6025B286283}.Debug|Any CPU.ActiveCfg = Debug|Any CPU
		{AECF0D8E-75D3-4517-8CD2-E6025B286283}.Debug|Any CPU.Build.0 = Debug|Any CPU
		{AECF0D8E-75D3-4517-8CD2-E6025B286283}.Debug|Any CPU.Deploy.0 = Debug|Any CPU
		{AECF0D8E-75D3-4517-8CD2-E6025B286283}.Release|Any CPU.ActiveCfg = Release|Any CPU
		{AECF0D8E-75D3-4517-8CD2-E6025B286283}.Release|Any CPU.Build.0 = Release|Any CPU
		{AECF0D8E-75D3-4517-8CD2-E6025B286283}.Release|Any CPU.Deploy.0 = Release|Any CPU
	EndGlobalSection
	GlobalSection(SolutionProperties) = preSolution
		HideSolutionNode = FALSE
	EndGlobalSection
	GlobalSection(ExtensibilityGlobals) = postSolution
		SolutionGuid = {B3D2ED1A-EF52-49B1-9137-8BC6F56D4DD8}
	EndGlobalSection
EndGlobal
